
Microsoft Visual Studio Solution File, Format Version 12.00
# Visual Studio 15
VisualStudioVersion = 15.0.27130.2036
MinimumVisualStudioVersion = 10.0.40219.1
Project("{FAE04EC0-301F-11D3-BF4B-00C04F79EFBC}") = "ConsoleGameUtilities", "ConsoleRenderer\ConsoleGameUtilities.csproj", "{D49E776C-985E-4903-B684-7D07237BB8FA}"
EndProject
Global
	GlobalSection(SolutionConfigurationPlatforms) = preSolution
		Debug|Any CPU = Debug|Any CPU
		Release|Any CPU = Release|Any CPU
	EndGlobalSection
	GlobalSection(ProjectConfigurationPlatforms) = postSolution
		{D49E776C-985E-4903-B684-7D07237BB8FA}.Debug|Any CPU.ActiveCfg = Debug|Any CPU
		{D49E776C-985E-4903-B684-7D07237BB8FA}.Debug|Any CPU.Build.0 = Debug|Any CPU
		{D49E776C-985E-4903-B684-7D07237BB8FA}.Release|Any CPU.ActiveCfg = Release|Any CPU
		{D49E776C-985E-4903-B684-7D07237BB8FA}.Release|Any CPU.Build.0 = Release|Any CPU
	EndGlobalSection
	GlobalSection(SolutionProperties) = preSolution
		HideSolutionNode = FALSE
	EndGlobalSection
	GlobalSection(ExtensibilityGlobals) = postSolution
		SolutionGuid = {CFF35334-2E3B-4541-A358-667115D243AC}
	EndGlobalSection
EndGlobal
